
Microsoft Visual Studio Solution File, Format Version 12.00
# Visual Studio Version 17
VisualStudioVersion = 17.13.35818.85 d17.13
MinimumVisualStudioVersion = 10.0.40219.1
Project("{FAE04EC0-301F-11D3-BF4B-00C04F79EFBC}") = "RuleThemAll", "RuleThemAll\RuleThemAll.csproj", "{534843C6-321C-4653-950D-8A42D539325C}"
EndProject
Global
	GlobalSection(SolutionConfigurationPlatforms) = preSolution
		Debug|Any CPU = Debug|Any CPU
		Release|Any CPU = Release|Any CPU
	EndGlobalSection
	GlobalSection(ProjectConfigurationPlatforms) = postSolution
		{534843C6-321C-4653-950D-8A42D539325C}.Debug|Any CPU.ActiveCfg = Debug|Any CPU
		{534843C6-321C-4653-950D-8A42D539325C}.Debug|Any CPU.Build.0 = Debug|Any CPU
		{534843C6-321C-4653-950D-8A42D539325C}.Release|Any CPU.ActiveCfg = Release|Any CPU
		{534843C6-321C-4653-950D-8A42D539325C}.Release|Any CPU.Build.0 = Release|Any CPU
	EndGlobalSection
	GlobalSection(SolutionProperties) = preSolution
		HideSolutionNode = FALSE
	EndGlobalSection
	GlobalSection(ExtensibilityGlobals) = postSolution
		SolutionGuid = {A69DD008-8612-4E38-953E-1A8BC91CF327}
	EndGlobalSection
EndGlobal
